
Microsoft Visual Studio Solution File, Format Version 12.00
# Visual Studio Version 17
VisualStudioVersion = 17.2.32616.157
MinimumVisualStudioVersion = 10.0.40219.1
Project("{FAE04EC0-301F-11D3-BF4B-00C04F79EFBC}") = "Intro", "Intro\Intro.csproj", "{DAD1ECD4-5A2C-4FDB-8405-5E8CAD3A206C}"
EndProject
Global
	GlobalSection(SolutionConfigurationPlatforms) = preSolution
		Debug|Any CPU = Debug|Any CPU
		Release|Any CPU = Release|Any CPU
	EndGlobalSection
	GlobalSection(ProjectConfigurationPlatforms) = postSolution
		{DAD1ECD4-5A2C-4FDB-8405-5E8CAD3A206C}.Debug|Any CPU.ActiveCfg = Debug|Any CPU
		{DAD1ECD4-5A2C-4FDB-8405-5E8CAD3A206C}.Debug|Any CPU.Build.0 = Debug|Any CPU
		{DAD1ECD4-5A2C-4FDB-8405-5E8CAD3A206C}.Release|Any CPU.ActiveCfg = Release|Any CPU
		{DAD1ECD4-5A2C-4FDB-8405-5E8CAD3A206C}.Release|Any CPU.Build.0 = Release|Any CPU
	EndGlobalSection
	GlobalSection(SolutionProperties) = preSolution
		HideSolutionNode = FALSE
	EndGlobalSection
	GlobalSection(ExtensibilityGlobals) = postSolution
		SolutionGuid = {3FF4F225-7DBD-446B-9376-7A85803CF4FF}
	EndGlobalSection
EndGlobal
