
Microsoft Visual Studio Solution File, Format Version 12.00
# Visual Studio Version 17
VisualStudioVersion = 17.2.32616.157
MinimumVisualStudioVersion = 10.0.40219.1
Project("{FAE04EC0-301F-11D3-BF4B-00C04F79EFBC}") = "MVCAPPLayer", "MVCAPPLayer\MVCAPPLayer.csproj", "{2C50F2E9-4351-4D1F-8802-A513EFA7441A}"
EndProject
Project("{FAE04EC0-301F-11D3-BF4B-00C04F79EFBC}") = "BLL", "BLL\BLL.csproj", "{1057FCB9-B872-4EA6-8721-E0D0FAF0BA52}"
EndProject
Project("{FAE04EC0-301F-11D3-BF4B-00C04F79EFBC}") = "DAL", "DAL\DAL.csproj", "{6F9E0804-06B9-4D36-88E3-FEBAEE647D12}"
EndProject
Project("{FAE04EC0-301F-11D3-BF4B-00C04F79EFBC}") = "AppConsoleLayer", "AppConsoleLayer\AppConsoleLayer.csproj", "{760AFE83-D12B-4122-AE56-0F5062963AE7}"
EndProject
Project("{FAE04EC0-301F-11D3-BF4B-00C04F79EFBC}") = "AppAPILayer", "AppAPILayer\AppAPILayer.csproj", "{528DD93E-5D6F-4A6A-8695-B87D4700A3CC}"
EndProject
Global
	GlobalSection(SolutionConfigurationPlatforms) = preSolution
		Debug|Any CPU = Debug|Any CPU
		Release|Any CPU = Release|Any CPU
	EndGlobalSection
	GlobalSection(ProjectConfigurationPlatforms) = postSolution
		{2C50F2E9-4351-4D1F-8802-A513EFA7441A}.Debug|Any CPU.ActiveCfg = Debug|Any CPU
		{2C50F2E9-4351-4D1F-8802-A513EFA7441A}.Debug|Any CPU.Build.0 = Debug|Any CPU
		{2C50F2E9-4351-4D1F-8802-A513EFA7441A}.Release|Any CPU.ActiveCfg = Release|Any CPU
		{2C50F2E9-4351-4D1F-8802-A513EFA7441A}.Release|Any CPU.Build.0 = Release|Any CPU
		{1057FCB9-B872-4EA6-8721-E0D0FAF0BA52}.Debug|Any CPU.ActiveCfg = Debug|Any CPU
		{1057FCB9-B872-4EA6-8721-E0D0FAF0BA52}.Debug|Any CPU.Build.0 = Debug|Any CPU
		{1057FCB9-B872-4EA6-8721-E0D0FAF0BA52}.Release|Any CPU.ActiveCfg = Release|Any CPU
		{1057FCB9-B872-4EA6-8721-E0D0FAF0BA52}.Release|Any CPU.Build.0 = Release|Any CPU
		{6F9E0804-06B9-4D36-88E3-FEBAEE647D12}.Debug|Any CPU.ActiveCfg = Debug|Any CPU
		{6F9E0804-06B9-4D36-88E3-FEBAEE647D12}.Debug|Any CPU.Build.0 = Debug|Any CPU
		{6F9E0804-06B9-4D36-88E3-FEBAEE647D12}.Release|Any CPU.ActiveCfg = Release|Any CPU
		{6F9E0804-06B9-4D36-88E3-FEBAEE647D12}.Release|Any CPU.Build.0 = Release|Any CPU
		{760AFE83-D12B-4122-AE56-0F5062963AE7}.Debug|Any CPU.ActiveCfg = Debug|Any CPU
		{760AFE83-D12B-4122-AE56-0F5062963AE7}.Debug|Any CPU.Build.0 = Debug|Any CPU
		{760AFE83-D12B-4122-AE56-0F5062963AE7}.Release|Any CPU.ActiveCfg = Release|Any CPU
		{760AFE83-D12B-4122-AE56-0F5062963AE7}.Release|Any CPU.Build.0 = Release|Any CPU
		{528DD93E-5D6F-4A6A-8695-B87D4700A3CC}.Debug|Any CPU.ActiveCfg = Debug|Any CPU
		{528DD93E-5D6F-4A6A-8695-B87D4700A3CC}.Debug|Any CPU.Build.0 = Debug|Any CPU
		{528DD93E-5D6F-4A6A-8695-B87D4700A3CC}.Release|Any CPU.ActiveCfg = Release|Any CPU
		{528DD93E-5D6F-4A6A-8695-B87D4700A3CC}.Release|Any CPU.Build.0 = Release|Any CPU
	EndGlobalSection
	GlobalSection(SolutionProperties) = preSolution
		HideSolutionNode = FALSE
	EndGlobalSection
	GlobalSection(ExtensibilityGlobals) = postSolution
		SolutionGuid = {E31DB265-9D0C-44FE-AF31-3D00E10D6F49}
	EndGlobalSection
EndGlobal
